
Microsoft Visual Studio Solution File, Format Version 12.00
# Visual Studio Version 17
VisualStudioVersion = 17.0.31903.59
MinimumVisualStudioVersion = 10.0.40219.1
Project("{FAE04EC0-301F-11D3-BF4B-00C04F79EFBC}") = "Array", "Array\Array.csproj", "{D373D4C7-ADEC-412F-9B66-2139EFF2C8B6}"
EndProject
Project("{FAE04EC0-301F-11D3-BF4B-00C04F79EFBC}") = "ModificadorParams", "ModificadorParams\ModificadorParams.csproj", "{B36C734E-E811-473F-B1CA-86D908E1C9C6}"
EndProject
Project("{FAE04EC0-301F-11D3-BF4B-00C04F79EFBC}") = "ArrayMultidimensional", "ArrayMultidimensional\ArrayMultidimensional.csproj", "{CEEC20A8-B773-44B8-8ECD-6DA884C29010}"
EndProject
Project("{FAE04EC0-301F-11D3-BF4B-00C04F79EFBC}") = "ArrayList", "ArrayList\ArrayList.csproj", "{431C3204-1E25-4439-B0CD-662E78E7E48C}"
EndProject
Project("{FAE04EC0-301F-11D3-BF4B-00C04F79EFBC}") = "List", "List\List.csproj", "{C2EBCEDD-AFF6-46F6-B77F-12CDD489250B}"
EndProject
Project("{FAE04EC0-301F-11D3-BF4B-00C04F79EFBC}") = "Indexadores", "Indexadores\Indexadores.csproj", "{E991E1D2-F382-4E44-B124-C16FE05E912F}"
EndProject
Project("{FAE04EC0-301F-11D3-BF4B-00C04F79EFBC}") = "RandomClass", "RandomClass\RandomClass.csproj", "{F9997759-E0FA-40DA-8D9A-18F34AEEEE0E}"
EndProject
Global
	GlobalSection(SolutionConfigurationPlatforms) = preSolution
		Debug|Any CPU = Debug|Any CPU
		Release|Any CPU = Release|Any CPU
	EndGlobalSection
	GlobalSection(SolutionProperties) = preSolution
		HideSolutionNode = FALSE
	EndGlobalSection
	GlobalSection(ProjectConfigurationPlatforms) = postSolution
		{D373D4C7-ADEC-412F-9B66-2139EFF2C8B6}.Debug|Any CPU.ActiveCfg = Debug|Any CPU
		{D373D4C7-ADEC-412F-9B66-2139EFF2C8B6}.Debug|Any CPU.Build.0 = Debug|Any CPU
		{D373D4C7-ADEC-412F-9B66-2139EFF2C8B6}.Release|Any CPU.ActiveCfg = Release|Any CPU
		{D373D4C7-ADEC-412F-9B66-2139EFF2C8B6}.Release|Any CPU.Build.0 = Release|Any CPU
		{B36C734E-E811-473F-B1CA-86D908E1C9C6}.Debug|Any CPU.ActiveCfg = Debug|Any CPU
		{B36C734E-E811-473F-B1CA-86D908E1C9C6}.Debug|Any CPU.Build.0 = Debug|Any CPU
		{B36C734E-E811-473F-B1CA-86D908E1C9C6}.Release|Any CPU.ActiveCfg = Release|Any CPU
		{B36C734E-E811-473F-B1CA-86D908E1C9C6}.Release|Any CPU.Build.0 = Release|Any CPU
		{CEEC20A8-B773-44B8-8ECD-6DA884C29010}.Debug|Any CPU.ActiveCfg = Debug|Any CPU
		{CEEC20A8-B773-44B8-8ECD-6DA884C29010}.Debug|Any CPU.Build.0 = Debug|Any CPU
		{CEEC20A8-B773-44B8-8ECD-6DA884C29010}.Release|Any CPU.ActiveCfg = Release|Any CPU
		{CEEC20A8-B773-44B8-8ECD-6DA884C29010}.Release|Any CPU.Build.0 = Release|Any CPU
		{431C3204-1E25-4439-B0CD-662E78E7E48C}.Debug|Any CPU.ActiveCfg = Debug|Any CPU
		{431C3204-1E25-4439-B0CD-662E78E7E48C}.Debug|Any CPU.Build.0 = Debug|Any CPU
		{431C3204-1E25-4439-B0CD-662E78E7E48C}.Release|Any CPU.ActiveCfg = Release|Any CPU
		{431C3204-1E25-4439-B0CD-662E78E7E48C}.Release|Any CPU.Build.0 = Release|Any CPU
		{C2EBCEDD-AFF6-46F6-B77F-12CDD489250B}.Debug|Any CPU.ActiveCfg = Debug|Any CPU
		{C2EBCEDD-AFF6-46F6-B77F-12CDD489250B}.Debug|Any CPU.Build.0 = Debug|Any CPU
		{C2EBCEDD-AFF6-46F6-B77F-12CDD489250B}.Release|Any CPU.ActiveCfg = Release|Any CPU
		{C2EBCEDD-AFF6-46F6-B77F-12CDD489250B}.Release|Any CPU.Build.0 = Release|Any CPU
		{E991E1D2-F382-4E44-B124-C16FE05E912F}.Debug|Any CPU.ActiveCfg = Debug|Any CPU
		{E991E1D2-F382-4E44-B124-C16FE05E912F}.Debug|Any CPU.Build.0 = Debug|Any CPU
		{E991E1D2-F382-4E44-B124-C16FE05E912F}.Release|Any CPU.ActiveCfg = Release|Any CPU
		{E991E1D2-F382-4E44-B124-C16FE05E912F}.Release|Any CPU.Build.0 = Release|Any CPU
		{F9997759-E0FA-40DA-8D9A-18F34AEEEE0E}.Debug|Any CPU.ActiveCfg = Debug|Any CPU
		{F9997759-E0FA-40DA-8D9A-18F34AEEEE0E}.Debug|Any CPU.Build.0 = Debug|Any CPU
		{F9997759-E0FA-40DA-8D9A-18F34AEEEE0E}.Release|Any CPU.ActiveCfg = Release|Any CPU
		{F9997759-E0FA-40DA-8D9A-18F34AEEEE0E}.Release|Any CPU.Build.0 = Release|Any CPU
	EndGlobalSection
EndGlobal
