
Microsoft Visual Studio Solution File, Format Version 12.00
# Visual Studio Version 17
VisualStudioVersion = 17.0.31903.59
MinimumVisualStudioVersion = 10.0.40219.1
Project("{FAE04EC0-301F-11D3-BF4B-00C04F79EFBC}") = "TipoDeDados1", "TipoDeDados1\TipoDeDados1.csproj", "{71F9C24E-6057-4930-92ED-F2D0BD00EB3A}"
EndProject
Project("{FAE04EC0-301F-11D3-BF4B-00C04F79EFBC}") = "TipoDeDados2", "TipoDeDados2\TipoDeDados2.csproj", "{0DB19128-C2C8-47BD-A3F4-0001A4267663}"
EndProject
Project("{FAE04EC0-301F-11D3-BF4B-00C04F79EFBC}") = "TipoDeDados3", "TipoDeDados3\TipoDeDados3.csproj", "{8D7FED57-F320-4D15-B03C-8614B368E8B6}"
EndProject
Project("{FAE04EC0-301F-11D3-BF4B-00C04F79EFBC}") = "TipoDeDados4", "TipoDeDados4\TipoDeDados4.csproj", "{10331073-7BC3-4679-9734-B55CB56FDBED}"
EndProject
Project("{FAE04EC0-301F-11D3-BF4B-00C04F79EFBC}") = "TipoDateTime1", "TipoDateTime1\TipoDateTime1.csproj", "{6F38281C-A84F-4A6F-9494-414024F6F006}"
EndProject
Project("{FAE04EC0-301F-11D3-BF4B-00C04F79EFBC}") = "NullableTypes1", "NullableTypes1\NullableTypes1.csproj", "{D2D7EDCE-2F8E-431A-B897-147333B3429A}"
EndProject
Global
	GlobalSection(SolutionConfigurationPlatforms) = preSolution
		Debug|Any CPU = Debug|Any CPU
		Debug|x64 = Debug|x64
		Debug|x86 = Debug|x86
		Release|Any CPU = Release|Any CPU
		Release|x64 = Release|x64
		Release|x86 = Release|x86
	EndGlobalSection
	GlobalSection(ProjectConfigurationPlatforms) = postSolution
		{71F9C24E-6057-4930-92ED-F2D0BD00EB3A}.Debug|Any CPU.ActiveCfg = Debug|Any CPU
		{71F9C24E-6057-4930-92ED-F2D0BD00EB3A}.Debug|Any CPU.Build.0 = Debug|Any CPU
		{71F9C24E-6057-4930-92ED-F2D0BD00EB3A}.Debug|x64.ActiveCfg = Debug|Any CPU
		{71F9C24E-6057-4930-92ED-F2D0BD00EB3A}.Debug|x64.Build.0 = Debug|Any CPU
		{71F9C24E-6057-4930-92ED-F2D0BD00EB3A}.Debug|x86.ActiveCfg = Debug|Any CPU
		{71F9C24E-6057-4930-92ED-F2D0BD00EB3A}.Debug|x86.Build.0 = Debug|Any CPU
		{71F9C24E-6057-4930-92ED-F2D0BD00EB3A}.Release|Any CPU.ActiveCfg = Release|Any CPU
		{71F9C24E-6057-4930-92ED-F2D0BD00EB3A}.Release|Any CPU.Build.0 = Release|Any CPU
		{71F9C24E-6057-4930-92ED-F2D0BD00EB3A}.Release|x64.ActiveCfg = Release|Any CPU
		{71F9C24E-6057-4930-92ED-F2D0BD00EB3A}.Release|x64.Build.0 = Release|Any CPU
		{71F9C24E-6057-4930-92ED-F2D0BD00EB3A}.Release|x86.ActiveCfg = Release|Any CPU
		{71F9C24E-6057-4930-92ED-F2D0BD00EB3A}.Release|x86.Build.0 = Release|Any CPU
		{0DB19128-C2C8-47BD-A3F4-0001A4267663}.Debug|Any CPU.ActiveCfg = Debug|Any CPU
		{0DB19128-C2C8-47BD-A3F4-0001A4267663}.Debug|Any CPU.Build.0 = Debug|Any CPU
		{0DB19128-C2C8-47BD-A3F4-0001A4267663}.Debug|x64.ActiveCfg = Debug|Any CPU
		{0DB19128-C2C8-47BD-A3F4-0001A4267663}.Debug|x64.Build.0 = Debug|Any CPU
		{0DB19128-C2C8-47BD-A3F4-0001A4267663}.Debug|x86.ActiveCfg = Debug|Any CPU
		{0DB19128-C2C8-47BD-A3F4-0001A4267663}.Debug|x86.Build.0 = Debug|Any CPU
		{0DB19128-C2C8-47BD-A3F4-0001A4267663}.Release|Any CPU.ActiveCfg = Release|Any CPU
		{0DB19128-C2C8-47BD-A3F4-0001A4267663}.Release|Any CPU.Build.0 = Release|Any CPU
		{0DB19128-C2C8-47BD-A3F4-0001A4267663}.Release|x64.ActiveCfg = Release|Any CPU
		{0DB19128-C2C8-47BD-A3F4-0001A4267663}.Release|x64.Build.0 = Release|Any CPU
		{0DB19128-C2C8-47BD-A3F4-0001A4267663}.Release|x86.ActiveCfg = Release|Any CPU
		{0DB19128-C2C8-47BD-A3F4-0001A4267663}.Release|x86.Build.0 = Release|Any CPU
		{8D7FED57-F320-4D15-B03C-8614B368E8B6}.Debug|Any CPU.ActiveCfg = Debug|Any CPU
		{8D7FED57-F320-4D15-B03C-8614B368E8B6}.Debug|Any CPU.Build.0 = Debug|Any CPU
		{8D7FED57-F320-4D15-B03C-8614B368E8B6}.Debug|x64.ActiveCfg = Debug|Any CPU
		{8D7FED57-F320-4D15-B03C-8614B368E8B6}.Debug|x64.Build.0 = Debug|Any CPU
		{8D7FED57-F320-4D15-B03C-8614B368E8B6}.Debug|x86.ActiveCfg = Debug|Any CPU
		{8D7FED57-F320-4D15-B03C-8614B368E8B6}.Debug|x86.Build.0 = Debug|Any CPU
		{8D7FED57-F320-4D15-B03C-8614B368E8B6}.Release|Any CPU.ActiveCfg = Release|Any CPU
		{8D7FED57-F320-4D15-B03C-8614B368E8B6}.Release|Any CPU.Build.0 = Release|Any CPU
		{8D7FED57-F320-4D15-B03C-8614B368E8B6}.Release|x64.ActiveCfg = Release|Any CPU
		{8D7FED57-F320-4D15-B03C-8614B368E8B6}.Release|x64.Build.0 = Release|Any CPU
		{8D7FED57-F320-4D15-B03C-8614B368E8B6}.Release|x86.ActiveCfg = Release|Any CPU
		{8D7FED57-F320-4D15-B03C-8614B368E8B6}.Release|x86.Build.0 = Release|Any CPU
		{10331073-7BC3-4679-9734-B55CB56FDBED}.Debug|Any CPU.ActiveCfg = Debug|Any CPU
		{10331073-7BC3-4679-9734-B55CB56FDBED}.Debug|Any CPU.Build.0 = Debug|Any CPU
		{10331073-7BC3-4679-9734-B55CB56FDBED}.Debug|x64.ActiveCfg = Debug|Any CPU
		{10331073-7BC3-4679-9734-B55CB56FDBED}.Debug|x64.Build.0 = Debug|Any CPU
		{10331073-7BC3-4679-9734-B55CB56FDBED}.Debug|x86.ActiveCfg = Debug|Any CPU
		{10331073-7BC3-4679-9734-B55CB56FDBED}.Debug|x86.Build.0 = Debug|Any CPU
		{10331073-7BC3-4679-9734-B55CB56FDBED}.Release|Any CPU.ActiveCfg = Release|Any CPU
		{10331073-7BC3-4679-9734-B55CB56FDBED}.Release|Any CPU.Build.0 = Release|Any CPU
		{10331073-7BC3-4679-9734-B55CB56FDBED}.Release|x64.ActiveCfg = Release|Any CPU
		{10331073-7BC3-4679-9734-B55CB56FDBED}.Release|x64.Build.0 = Release|Any CPU
		{10331073-7BC3-4679-9734-B55CB56FDBED}.Release|x86.ActiveCfg = Release|Any CPU
		{10331073-7BC3-4679-9734-B55CB56FDBED}.Release|x86.Build.0 = Release|Any CPU
		{6F38281C-A84F-4A6F-9494-414024F6F006}.Debug|Any CPU.ActiveCfg = Debug|Any CPU
		{6F38281C-A84F-4A6F-9494-414024F6F006}.Debug|Any CPU.Build.0 = Debug|Any CPU
		{6F38281C-A84F-4A6F-9494-414024F6F006}.Debug|x64.ActiveCfg = Debug|Any CPU
		{6F38281C-A84F-4A6F-9494-414024F6F006}.Debug|x64.Build.0 = Debug|Any CPU
		{6F38281C-A84F-4A6F-9494-414024F6F006}.Debug|x86.ActiveCfg = Debug|Any CPU
		{6F38281C-A84F-4A6F-9494-414024F6F006}.Debug|x86.Build.0 = Debug|Any CPU
		{6F38281C-A84F-4A6F-9494-414024F6F006}.Release|Any CPU.ActiveCfg = Release|Any CPU
		{6F38281C-A84F-4A6F-9494-414024F6F006}.Release|Any CPU.Build.0 = Release|Any CPU
		{6F38281C-A84F-4A6F-9494-414024F6F006}.Release|x64.ActiveCfg = Release|Any CPU
		{6F38281C-A84F-4A6F-9494-414024F6F006}.Release|x64.Build.0 = Release|Any CPU
		{6F38281C-A84F-4A6F-9494-414024F6F006}.Release|x86.ActiveCfg = Release|Any CPU
		{6F38281C-A84F-4A6F-9494-414024F6F006}.Release|x86.Build.0 = Release|Any CPU
		{D2D7EDCE-2F8E-431A-B897-147333B3429A}.Debug|Any CPU.ActiveCfg = Debug|Any CPU
		{D2D7EDCE-2F8E-431A-B897-147333B3429A}.Debug|Any CPU.Build.0 = Debug|Any CPU
		{D2D7EDCE-2F8E-431A-B897-147333B3429A}.Debug|x64.ActiveCfg = Debug|Any CPU
		{D2D7EDCE-2F8E-431A-B897-147333B3429A}.Debug|x64.Build.0 = Debug|Any CPU
		{D2D7EDCE-2F8E-431A-B897-147333B3429A}.Debug|x86.ActiveCfg = Debug|Any CPU
		{D2D7EDCE-2F8E-431A-B897-147333B3429A}.Debug|x86.Build.0 = Debug|Any CPU
		{D2D7EDCE-2F8E-431A-B897-147333B3429A}.Release|Any CPU.ActiveCfg = Release|Any CPU
		{D2D7EDCE-2F8E-431A-B897-147333B3429A}.Release|Any CPU.Build.0 = Release|Any CPU
		{D2D7EDCE-2F8E-431A-B897-147333B3429A}.Release|x64.ActiveCfg = Release|Any CPU
		{D2D7EDCE-2F8E-431A-B897-147333B3429A}.Release|x64.Build.0 = Release|Any CPU
		{D2D7EDCE-2F8E-431A-B897-147333B3429A}.Release|x86.ActiveCfg = Release|Any CPU
		{D2D7EDCE-2F8E-431A-B897-147333B3429A}.Release|x86.Build.0 = Release|Any CPU
	EndGlobalSection
	GlobalSection(SolutionProperties) = preSolution
		HideSolutionNode = FALSE
	EndGlobalSection
EndGlobal
