Microsoft Visual Studio Solution File, Format Version 12.00
# Visual Studio Version 17
VisualStudioVersion = 17.5.2.0
MinimumVisualStudioVersion = 10.0.40219.1
Project("{FAE04EC0-301F-11D3-BF4B-00C04F79EFBC}") = "Indexadores", "Indexadores.csproj", "{4F181527-A6C4-5A8A-21AB-0E10E5B426C2}"
EndProject
Global
	GlobalSection(SolutionConfigurationPlatforms) = preSolution
		Debug|Any CPU = Debug|Any CPU
		Release|Any CPU = Release|Any CPU
	EndGlobalSection
	GlobalSection(ProjectConfigurationPlatforms) = postSolution
		{4F181527-A6C4-5A8A-21AB-0E10E5B426C2}.Debug|Any CPU.ActiveCfg = Debug|Any CPU
		{4F181527-A6C4-5A8A-21AB-0E10E5B426C2}.Debug|Any CPU.Build.0 = Debug|Any CPU
		{4F181527-A6C4-5A8A-21AB-0E10E5B426C2}.Release|Any CPU.ActiveCfg = Release|Any CPU
		{4F181527-A6C4-5A8A-21AB-0E10E5B426C2}.Release|Any CPU.Build.0 = Release|Any CPU
	EndGlobalSection
	GlobalSection(SolutionProperties) = preSolution
		HideSolutionNode = FALSE
	EndGlobalSection
	GlobalSection(ExtensibilityGlobals) = postSolution
		SolutionGuid = {552280DC-B20E-4C8A-BAAD-DD7D02069A29}
	EndGlobalSection
EndGlobal
