
Microsoft Visual Studio Solution File, Format Version 12.00
# Visual Studio Version 17
VisualStudioVersion = 17.0.31903.59
MinimumVisualStudioVersion = 10.0.40219.1
Project("{FAE04EC0-301F-11D3-BF4B-00C04F79EFBC}") = "Generics", "Generics\Generics.csproj", "{6568830B-FAFA-464B-BC85-64616D410EFC}"
EndProject
Project("{FAE04EC0-301F-11D3-BF4B-00C04F79EFBC}") = "GetHashCodeEquals", "GetHashCodeEquals\GetHashCodeEquals.csproj", "{20287DED-4689-4667-BEB2-9F10EE71612F}"
EndProject
Project("{FAE04EC0-301F-11D3-BF4B-00C04F79EFBC}") = "Dictionary", "Dictionary\Dictionary.csproj", "{EAD4BF68-BC30-417C-A54E-A871735EFA2B}"
EndProject
Global
	GlobalSection(SolutionConfigurationPlatforms) = preSolution
		Debug|Any CPU = Debug|Any CPU
		Release|Any CPU = Release|Any CPU
	EndGlobalSection
	GlobalSection(SolutionProperties) = preSolution
		HideSolutionNode = FALSE
	EndGlobalSection
	GlobalSection(ProjectConfigurationPlatforms) = postSolution
		{6568830B-FAFA-464B-BC85-64616D410EFC}.Debug|Any CPU.ActiveCfg = Debug|Any CPU
		{6568830B-FAFA-464B-BC85-64616D410EFC}.Debug|Any CPU.Build.0 = Debug|Any CPU
		{6568830B-FAFA-464B-BC85-64616D410EFC}.Release|Any CPU.ActiveCfg = Release|Any CPU
		{6568830B-FAFA-464B-BC85-64616D410EFC}.Release|Any CPU.Build.0 = Release|Any CPU
		{20287DED-4689-4667-BEB2-9F10EE71612F}.Debug|Any CPU.ActiveCfg = Debug|Any CPU
		{20287DED-4689-4667-BEB2-9F10EE71612F}.Debug|Any CPU.Build.0 = Debug|Any CPU
		{20287DED-4689-4667-BEB2-9F10EE71612F}.Release|Any CPU.ActiveCfg = Release|Any CPU
		{20287DED-4689-4667-BEB2-9F10EE71612F}.Release|Any CPU.Build.0 = Release|Any CPU
		{EAD4BF68-BC30-417C-A54E-A871735EFA2B}.Debug|Any CPU.ActiveCfg = Debug|Any CPU
		{EAD4BF68-BC30-417C-A54E-A871735EFA2B}.Debug|Any CPU.Build.0 = Debug|Any CPU
		{EAD4BF68-BC30-417C-A54E-A871735EFA2B}.Release|Any CPU.ActiveCfg = Release|Any CPU
		{EAD4BF68-BC30-417C-A54E-A871735EFA2B}.Release|Any CPU.Build.0 = Release|Any CPU
	EndGlobalSection
EndGlobal
