
Microsoft Visual Studio Solution File, Format Version 12.00
# Visual Studio Version 17
VisualStudioVersion = 17.0.31903.59
MinimumVisualStudioVersion = 10.0.40219.1
Project("{FAE04EC0-301F-11D3-BF4B-00C04F79EFBC}") = "UsingTiposAdicionais_C12", "UsingTiposAdicionais_C12\UsingTiposAdicionais_C12.csproj", "{EF3219F5-B933-4262-A172-5B255B356D2A}"
EndProject
Project("{FAE04EC0-301F-11D3-BF4B-00C04F79EFBC}") = "ExpressoesColecoes_C12", "ExpressoesColecoes_C12\ExpressoesColecoes_C12.csproj", "{CF9F322E-FE72-4E24-9E5F-661613CC0268}"
EndProject
Project("{FAE04EC0-301F-11D3-BF4B-00C04F79EFBC}") = "RawStringLiteral_C11", "RawStringLiteral_C11\RawStringLiteral_C11.csproj", "{AEF53127-1B63-4BA5-9E69-19ACD653DF22}"
EndProject
Global
	GlobalSection(SolutionConfigurationPlatforms) = preSolution
		Debug|Any CPU = Debug|Any CPU
		Debug|x64 = Debug|x64
		Debug|x86 = Debug|x86
		Release|Any CPU = Release|Any CPU
		Release|x64 = Release|x64
		Release|x86 = Release|x86
	EndGlobalSection
	GlobalSection(ProjectConfigurationPlatforms) = postSolution
		{EF3219F5-B933-4262-A172-5B255B356D2A}.Debug|Any CPU.ActiveCfg = Debug|Any CPU
		{EF3219F5-B933-4262-A172-5B255B356D2A}.Debug|Any CPU.Build.0 = Debug|Any CPU
		{EF3219F5-B933-4262-A172-5B255B356D2A}.Debug|x64.ActiveCfg = Debug|Any CPU
		{EF3219F5-B933-4262-A172-5B255B356D2A}.Debug|x64.Build.0 = Debug|Any CPU
		{EF3219F5-B933-4262-A172-5B255B356D2A}.Debug|x86.ActiveCfg = Debug|Any CPU
		{EF3219F5-B933-4262-A172-5B255B356D2A}.Debug|x86.Build.0 = Debug|Any CPU
		{EF3219F5-B933-4262-A172-5B255B356D2A}.Release|Any CPU.ActiveCfg = Release|Any CPU
		{EF3219F5-B933-4262-A172-5B255B356D2A}.Release|Any CPU.Build.0 = Release|Any CPU
		{EF3219F5-B933-4262-A172-5B255B356D2A}.Release|x64.ActiveCfg = Release|Any CPU
		{EF3219F5-B933-4262-A172-5B255B356D2A}.Release|x64.Build.0 = Release|Any CPU
		{EF3219F5-B933-4262-A172-5B255B356D2A}.Release|x86.ActiveCfg = Release|Any CPU
		{EF3219F5-B933-4262-A172-5B255B356D2A}.Release|x86.Build.0 = Release|Any CPU
		{CF9F322E-FE72-4E24-9E5F-661613CC0268}.Debug|Any CPU.ActiveCfg = Debug|Any CPU
		{CF9F322E-FE72-4E24-9E5F-661613CC0268}.Debug|Any CPU.Build.0 = Debug|Any CPU
		{CF9F322E-FE72-4E24-9E5F-661613CC0268}.Debug|x64.ActiveCfg = Debug|Any CPU
		{CF9F322E-FE72-4E24-9E5F-661613CC0268}.Debug|x64.Build.0 = Debug|Any CPU
		{CF9F322E-FE72-4E24-9E5F-661613CC0268}.Debug|x86.ActiveCfg = Debug|Any CPU
		{CF9F322E-FE72-4E24-9E5F-661613CC0268}.Debug|x86.Build.0 = Debug|Any CPU
		{CF9F322E-FE72-4E24-9E5F-661613CC0268}.Release|Any CPU.ActiveCfg = Release|Any CPU
		{CF9F322E-FE72-4E24-9E5F-661613CC0268}.Release|Any CPU.Build.0 = Release|Any CPU
		{CF9F322E-FE72-4E24-9E5F-661613CC0268}.Release|x64.ActiveCfg = Release|Any CPU
		{CF9F322E-FE72-4E24-9E5F-661613CC0268}.Release|x64.Build.0 = Release|Any CPU
		{CF9F322E-FE72-4E24-9E5F-661613CC0268}.Release|x86.ActiveCfg = Release|Any CPU
		{CF9F322E-FE72-4E24-9E5F-661613CC0268}.Release|x86.Build.0 = Release|Any CPU
		{AEF53127-1B63-4BA5-9E69-19ACD653DF22}.Debug|Any CPU.ActiveCfg = Debug|Any CPU
		{AEF53127-1B63-4BA5-9E69-19ACD653DF22}.Debug|Any CPU.Build.0 = Debug|Any CPU
		{AEF53127-1B63-4BA5-9E69-19ACD653DF22}.Debug|x64.ActiveCfg = Debug|Any CPU
		{AEF53127-1B63-4BA5-9E69-19ACD653DF22}.Debug|x64.Build.0 = Debug|Any CPU
		{AEF53127-1B63-4BA5-9E69-19ACD653DF22}.Debug|x86.ActiveCfg = Debug|Any CPU
		{AEF53127-1B63-4BA5-9E69-19ACD653DF22}.Debug|x86.Build.0 = Debug|Any CPU
		{AEF53127-1B63-4BA5-9E69-19ACD653DF22}.Release|Any CPU.ActiveCfg = Release|Any CPU
		{AEF53127-1B63-4BA5-9E69-19ACD653DF22}.Release|Any CPU.Build.0 = Release|Any CPU
		{AEF53127-1B63-4BA5-9E69-19ACD653DF22}.Release|x64.ActiveCfg = Release|Any CPU
		{AEF53127-1B63-4BA5-9E69-19ACD653DF22}.Release|x64.Build.0 = Release|Any CPU
		{AEF53127-1B63-4BA5-9E69-19ACD653DF22}.Release|x86.ActiveCfg = Release|Any CPU
		{AEF53127-1B63-4BA5-9E69-19ACD653DF22}.Release|x86.Build.0 = Release|Any CPU
	EndGlobalSection
	GlobalSection(SolutionProperties) = preSolution
		HideSolutionNode = FALSE
	EndGlobalSection
EndGlobal
